
Microsoft Visual Studio Solution File, Format Version 12.00
# Visual Studio Version 17
VisualStudioVersion = 17.14.36930.0
MinimumVisualStudioVersion = 10.0.40219.1
Project("{FAE04EC0-301F-11D3-BF4B-00C04F79EFBC}") = "GlobalTextSummarizer", "GlobalTextSummarizer.csproj", "{306ADAAD-12D7-4E0B-906F-78DBDFA434ED}"
EndProject
Project("{FAE04EC0-301F-11D3-BF4B-00C04F79EFBC}") = "Summarizer.Application", "..\Summarizer.Application\Summarizer.Application.csproj", "{0F8F6C4B-44EA-4FEF-B6F1-CBA31328D290}"
EndProject
Project("{FAE04EC0-301F-11D3-BF4B-00C04F79EFBC}") = "Summarizer.Domain", "..\Summarizer.Domain\Summarizer.Domain.csproj", "{E3ADDE8D-D053-4E21-8F35-58552EDD9B8E}"
EndProject
Project("{FAE04EC0-301F-11D3-BF4B-00C04F79EFBC}") = "Summarizer.Infrastructure", "..\Summarizer.Infrastructure\Summarizer.Infrastructure.csproj", "{868D0739-54AD-4D9A-995A-01996ED3463F}"
EndProject
Global
	GlobalSection(SolutionConfigurationPlatforms) = preSolution
		Debug|Any CPU = Debug|Any CPU
		Release|Any CPU = Release|Any CPU
	EndGlobalSection
	GlobalSection(ProjectConfigurationPlatforms) = postSolution
		{306ADAAD-12D7-4E0B-906F-78DBDFA434ED}.Debug|Any CPU.ActiveCfg = Debug|Any CPU
		{306ADAAD-12D7-4E0B-906F-78DBDFA434ED}.Debug|Any CPU.Build.0 = Debug|Any CPU
		{306ADAAD-12D7-4E0B-906F-78DBDFA434ED}.Release|Any CPU.ActiveCfg = Release|Any CPU
		{306ADAAD-12D7-4E0B-906F-78DBDFA434ED}.Release|Any CPU.Build.0 = Release|Any CPU
		{0F8F6C4B-44EA-4FEF-B6F1-CBA31328D290}.Debug|Any CPU.ActiveCfg = Debug|Any CPU
		{0F8F6C4B-44EA-4FEF-B6F1-CBA31328D290}.Debug|Any CPU.Build.0 = Debug|Any CPU
		{0F8F6C4B-44EA-4FEF-B6F1-CBA31328D290}.Release|Any CPU.ActiveCfg = Release|Any CPU
		{0F8F6C4B-44EA-4FEF-B6F1-CBA31328D290}.Release|Any CPU.Build.0 = Release|Any CPU
		{E3ADDE8D-D053-4E21-8F35-58552EDD9B8E}.Debug|Any CPU.ActiveCfg = Debug|Any CPU
		{E3ADDE8D-D053-4E21-8F35-58552EDD9B8E}.Debug|Any CPU.Build.0 = Debug|Any CPU
		{E3ADDE8D-D053-4E21-8F35-58552EDD9B8E}.Release|Any CPU.ActiveCfg = Release|Any CPU
		{E3ADDE8D-D053-4E21-8F35-58552EDD9B8E}.Release|Any CPU.Build.0 = Release|Any CPU
		{868D0739-54AD-4D9A-995A-01996ED3463F}.Debug|Any CPU.ActiveCfg = Debug|Any CPU
		{868D0739-54AD-4D9A-995A-01996ED3463F}.Debug|Any CPU.Build.0 = Debug|Any CPU
		{868D0739-54AD-4D9A-995A-01996ED3463F}.Release|Any CPU.ActiveCfg = Release|Any CPU
		{868D0739-54AD-4D9A-995A-01996ED3463F}.Release|Any CPU.Build.0 = Release|Any CPU
	EndGlobalSection
	GlobalSection(SolutionProperties) = preSolution
		HideSolutionNode = FALSE
	EndGlobalSection
	GlobalSection(ExtensibilityGlobals) = postSolution
		SolutionGuid = {2C289D75-F05F-41A5-ADCB-E21C2623B33F}
	EndGlobalSection
EndGlobal
